// !$*UTF8*$!
{
	archiveVersion = 1;
	classes = {
	};
	objectVersion = 77;
	objects = {

/* Begin PBXContainerItemProxy section */
		30453B412CC679DB00B76A70 /* PBXContainerItemProxy */ = {
			isa = PBXContainerItemProxy;
			containerPortal = 30453B282CC679D700B76A70 /* Project object */;
			proxyType = 1;
			remoteGlobalIDString = 30453B2F2CC679D800B76A70;
			remoteInfo = SkinCareApplication;
		};
		30453B4B2CC679DB00B76A70 /* PBXContainerItemProxy */ = {
			isa = PBXContainerItemProxy;
			containerPortal = 30453B282CC679D700B76A70 /* Project object */;
			proxyType = 1;
			remoteGlobalIDString = 30453B2F2CC679D800B76A70;
			remoteInfo = SkinCareApplication;
		};
/* End PBXContainerItemProxy section */

/* Begin PBXFileReference section */
		30453B302CC679D800B76A70 /* SkinCareApplication.app */ = {isa = PBXFileReference; explicitFileType = wrapper.application; includeInIndex = 0; path = SkinCareApplication.app; sourceTree = BUILT_PRODUCTS_DIR; };
		30453B402CC679DB00B76A70 /* SkinCareApplicationTests.xctest */ = {isa = PBXFileReference; explicitFileType = wrapper.cfbundle; includeInIndex = 0; path = SkinCareApplicationTests.xctest; sourceTree = BUILT_PRODUCTS_DIR; };
		30453B4A2CC679DB00B76A70 /* SkinCareApplicationUITests.xctest */ = {isa = PBXFileReference; explicitFileType = wrapper.cfbundle; includeInIndex = 0; path = SkinCareApplicationUITests.xctest; sourceTree = BUILT_PRODUCTS_DIR; };
/* End PBXFileReference section */

/* Begin PBXFileSystemSynchronizedRootGroup section */
		30453B322CC679D800B76A70 /* SkinCareApplication */ = {
			isa = PBXFileSystemSynchronizedRootGroup;
			path = SkinCareApplication;
			sourceTree = "<group>";
		};
		30453B432CC679DB00B76A70 /* SkinCareApplicationTests */ = {
			isa = PBXFileSystemSynchronizedRootGroup;
			path = SkinCareApplicationTests;
			sourceTree = "<group>";
		};
		30453B4D2CC679DB00B76A70 /* SkinCareApplicationUITests */ = {
			isa = PBXFileSystemSynchronizedRootGroup;
			path = SkinCareApplicationUITests;
			sourceTree = "<group>";
		};
/* End PBXFileSystemSynchronizedRootGroup section */

/* Begin PBXFrameworksBuildPhase section */
		30453B2D2CC679D800B76A70 /* Frameworks */ = {
			isa = PBXFrameworksBuildPhase;
			buildActionMask = 2147483647;
			files = (
			);
			runOnlyForDeploymentPostprocessing = 0;
		};
		30453B3D2CC679DB00B76A70 /* Frameworks */ = {
			isa = PBXFrameworksBuildPhase;
			buildActionMask = 2147483647;
			files = (
			);
			runOnlyForDeploymentPostprocessing = 0;
		};
		30453B472CC679DB00B76A70 /* Frameworks */ = {
			isa = PBXFrameworksBuildPhase;
			buildActionMask = 2147483647;
			files = (
			);
			runOnlyForDeploymentPostprocessing = 0;
		};
/* End PBXFrameworksBuildPhase section */

/* Begin PBXGroup section */
		30453B272CC679D700B76A70 = {
			isa = PBXGroup;
			children = (
				30453B322CC679D800B76A70 /* SkinCareApplication */,
				30453B432CC679DB00B76A70 /* SkinCareApplicationTests */,
				30453B4D2CC679DB00B76A70 /* SkinCareApplicationUITests */,
				30453B312CC679D800B76A70 /* Products */,
			);
			sourceTree = "<group>";
		};
		30453B312CC679D800B76A70 /* Products */ = {
			isa = PBXGroup;
			children = (
				30453B302CC679D800B76A70 /* SkinCareApplication.app */,
				30453B402CC679DB00B76A70 /* SkinCareApplicationTests.xctest */,
				30453B4A2CC679DB00B76A70 /* SkinCareApplicationUITests.xctest */,
			);
			name = Products;
			sourceTree = "<group>";
		};
/* End PBXGroup section */

/* Begin PBXNativeTarget section */
		30453B2F2CC679D800B76A70 /* SkinCareApplication */ = {
			isa = PBXNativeTarget;
			buildConfigurationList = 30453B542CC679DB00B76A70 /* Build configuration list for PBXNativeTarget "SkinCareApplication" */;
			buildPhases = (
				30453B2C2CC679D800B76A70 /* Sources */,
				30453B2D2CC679D800B76A70 /* Frameworks */,
				30453B2E2CC679D800B76A70 /* Resources */,
			);
			buildRules = (
			);
			dependencies = (
			);
			fileSystemSynchronizedGroups = (
				30453B322CC679D800B76A70 /* SkinCareApplication */,
			);
			name = SkinCareApplication;
			packageProductDependencies = (
			);
			productName = SkinCareApplication;
			productReference = 30453B302CC679D800B76A70 /* SkinCareApplication.app */;
			productType = "com.apple.product-type.application";
		};
		30453B3F2CC679DB00B76A70 /* SkinCareApplicationTests */ = {
			isa = PBXNativeTarget;
			buildConfigurationList = 30453B572CC679DB00B76A70 /* Build configuration list for PBXNativeTarget "SkinCareApplicationTests" */;
			buildPhases = (
				30453B3C2CC679DB00B76A70 /* Sources */,
				30453B3D2CC679DB00B76A70 /* Frameworks */,
				30453B3E2CC679DB00B76A70 /* Resources */,
			);
			buildRules = (
			);
			dependencies = (
				30453B422CC679DB00B76A70 /* PBXTargetDependency */,
			);
			fileSystemSynchronizedGroups = (
				30453B432CC679DB00B76A70 /* SkinCareApplicationTests */,
			);
			name = SkinCareApplicationTests;
			packageProductDependencies = (
			);
			productName = SkinCareApplicationTests;
			productReference = 30453B402CC679DB00B76A70 /* SkinCareApplicationTests.xctest */;
			productType = "com.apple.product-type.bundle.unit-test";
		};
		30453B492CC679DB00B76A70 /* SkinCareApplicationUITests */ = {
			isa = PBXNativeTarget;
			buildConfigurationList = 30453B5A2CC679DB00B76A70 /* Build configuration list for PBXNativeTarget "SkinCareApplicationUITests" */;
			buildPhases = (
				30453B462CC679DB00B76A70 /* Sources */,
				30453B472CC679DB00B76A70 /* Frameworks */,
				30453B482CC679DB00B76A70 /* Resources */,
			);
			buildRules = (
			);
			dependencies = (
				30453B4C2CC679DB00B76A70 /* PBXTargetDependency */,
			);
			fileSystemSynchronizedGroups = (
				30453B4D2CC679DB00B76A70 /* SkinCareApplicationUITests */,
			);
			name = SkinCareApplicationUITests;
			packageProductDependencies = (
			);
			productName = SkinCareApplicationUITests;
			productReference = 30453B4A2CC679DB00B76A70 /* SkinCareApplicationUITests.xctest */;
			productType = "com.apple.product-type.bundle.ui-testing";
		};
/* End PBXNativeTarget section */

/* Begin PBXProject section */
		30453B282CC679D700B76A70 /* Project object */ = {
			isa = PBXProject;
			attributes = {
				BuildIndependentTargetsInParallel = 1;
				LastSwiftUpdateCheck = 1600;
				LastUpgradeCheck = 1600;
				TargetAttributes = {
					30453B2F2CC679D800B76A70 = {
						CreatedOnToolsVersion = 16.0;
					};
					30453B3F2CC679DB00B76A70 = {
						CreatedOnToolsVersion = 16.0;
						TestTargetID = 30453B2F2CC679D800B76A70;
					};
					30453B492CC679DB00B76A70 = {
						CreatedOnToolsVersion = 16.0;
						TestTargetID = 30453B2F2CC679D800B76A70;
					};
				};
			};
			buildConfigurationList = 30453B2B2CC679D700B76A70 /* Build configuration list for PBXProject "SkinCareApplication" */;
			developmentRegion = en;
			hasScannedForEncodings = 0;
			knownRegions = (
				en,
				Base,
			);
			mainGroup = 30453B272CC679D700B76A70;
			minimizedProjectReferenceProxies = 1;
			preferredProjectObjectVersion = 77;
			productRefGroup = 30453B312CC679D800B76A70 /* Products */;
			projectDirPath = "";
			projectRoot = "";
			targets = (
				30453B2F2CC679D800B76A70 /* SkinCareApplication */,
				30453B3F2CC679DB00B76A70 /* SkinCareApplicationTests */,
				30453B492CC679DB00B76A70 /* SkinCareApplicationUITests */,
			);
		};
/* End PBXProject section */

/* Begin PBXResourcesBuildPhase section */
		30453B2E2CC679D800B76A70 /* Resources */ = {
			isa = PBXResourcesBuildPhase;
			buildActionMask = 2147483647;
			files = (
			);
			runOnlyForDeploymentPostprocessing = 0;
		};
		30453B3E2CC679DB00B76A70 /* Resources */ = {
			isa = PBXResourcesBuildPhase;
			buildActionMask = 2147483647;
			files = (
			);
			runOnlyForDeploymentPostprocessing = 0;
		};
		30453B482CC679DB00B76A70 /* Resources */ = {
			isa = PBXResourcesBuildPhase;
			buildActionMask = 2147483647;
			files = (
			);
			runOnlyForDeploymentPostprocessing = 0;
		};
/* End PBXResourcesBuildPhase section */

/* Begin PBXSourcesBuildPhase section */
		30453B2C2CC679D800B76A70 /* Sources */ = {
			isa = PBXSourcesBuildPhase;
			buildActionMask = 2147483647;
			files = (
			);
			runOnlyForDeploymentPostprocessing = 0;
		};
		30453B3C2CC679DB00B76A70 /* Sources */ = {
			isa = PBXSourcesBuildPhase;
			buildActionMask = 2147483647;
			files = (
			);
			runOnlyForDeploymentPostprocessing = 0;
		};
		30453B462CC679DB00B76A70 /* Sources */ = {
			isa = PBXSourcesBuildPhase;
			buildActionMask = 2147483647;
			files = (
			);
			runOnlyForDeploymentPostprocessing = 0;
		};
/* End PBXSourcesBuildPhase section */

/* Begin PBXTargetDependency section */
		30453B422CC679DB00B76A70 /* PBXTargetDependency */ = {
			isa = PBXTargetDependency;
			target = 30453B2F2CC679D800B76A70 /* SkinCareApplication */;
			targetProxy = 30453B412CC679DB00B76A70 /* PBXContainerItemProxy */;
		};
		30453B4C2CC679DB00B76A70 /* PBXTargetDependency */ = {
			isa = PBXTargetDependency;
			target = 30453B2F2CC679D800B76A70 /* SkinCareApplication */;
			targetProxy = 30453B4B2CC679DB00B76A70 /* PBXContainerItemProxy */;
		};
/* End PBXTargetDependency section */

/* Begin XCBuildConfiguration section */
		30453B522CC679DB00B76A70 /* Debug */ = {
			isa = XCBuildConfiguration;
			buildSettings = {
				ALWAYS_SEARCH_USER_PATHS = NO;
				ASSETCATALOG_COMPILER_GENERATE_SWIFT_ASSET_SYMBOL_EXTENSIONS = YES;
				CLANG_ANALYZER_NONNULL = YES;
				CLANG_ANALYZER_NUMBER_OBJECT_CONVERSION = YES_AGGRESSIVE;
				CLANG_CXX_LANGUAGE_STANDARD = "gnu++20";
				CLANG_ENABLE_MODULES = YES;
				CLANG_ENABLE_OBJC_ARC = YES;
				CLANG_ENABLE_OBJC_WEAK = YES;
				CLANG_WARN_BLOCK_CAPTURE_AUTORELEASING = YES;
				CLANG_WARN_BOOL_CONVERSION = YES;
				CLANG_WARN_COMMA = YES;
				CLANG_WARN_CONSTANT_CONVERSION = YES;
				CLANG_WARN_DEPRECATED_OBJC_IMPLEMENTATIONS = YES;
				CLANG_WARN_DIRECT_OBJC_ISA_USAGE = YES_ERROR;
				CLANG_WARN_DOCUMENTATION_COMMENTS = YES;
				CLANG_WARN_EMPTY_BODY = YES;
				CLANG_WARN_ENUM_CONVERSION = YES;
				CLANG_WARN_INFINITE_RECURSION = YES;
				CLANG_WARN_INT_CONVERSION = YES;
				CLANG_WARN_NON_LITERAL_NULL_CONVERSION = YES;
				CLANG_WARN_OBJC_IMPLICIT_RETAIN_SELF = YES;
				CLANG_WARN_OBJC_LITERAL_CONVERSION = YES;
				CLANG_WARN_OBJC_ROOT_CLASS = YES_ERROR;
				CLANG_WARN_QUOTED_INCLUDE_IN_FRAMEWORK_HEADER = YES;
				CLANG_WARN_RANGE_LOOP_ANALYSIS = YES;
				CLANG_WARN_STRICT_PROTOTYPES = YES;
				CLANG_WARN_SUSPICIOUS_MOVE = YES;
				CLANG_WARN_UNGUARDED_AVAILABILITY = YES_AGGRESSIVE;
				CLANG_WARN_UNREACHABLE_CODE = YES;
				CLANG_WARN__DUPLICATE_METHOD_MATCH = YES;
				COPY_PHASE_STRIP = NO;
				DEBUG_INFORMATION_FORMAT = dwarf;
				ENABLE_STRICT_OBJC_MSGSEND = YES;
				ENABLE_TESTABILITY = YES;
				ENABLE_USER_SCRIPT_SANDBOXING = YES;
				GCC_C_LANGUAGE_STANDARD = gnu17;
				GCC_DYNAMIC_NO_PIC = NO;
				GCC_NO_COMMON_BLOCKS = YES;
				GCC_OPTIMIZATION_LEVEL = 0;
				GCC_PREPROCESSOR_DEFINITIONS = (
					"DEBUG=1",
					"$(inherited)",
				);
				GCC_WARN_64_TO_32_BIT_CONVERSION = YES;
				GCC_WARN_ABOUT_RETURN_TYPE = YES_ERROR;
				GCC_WARN_UNDECLARED_SELECTOR = YES;
				GCC_WARN_UNINITIALIZED_AUTOS = YES_AGGRESSIVE;
				GCC_WARN_UNUSED_FUNCTION = YES;
				GCC_WARN_UNUSED_VARIABLE = YES;
				IPHONEOS_DEPLOYMENT_TARGET = 18.0;
				LOCALIZATION_PREFERS_STRING_CATALOGS = YES;
				MTL_ENABLE_DEBUG_INFO = INCLUDE_SOURCE;
				MTL_FAST_MATH = YES;
				ONLY_ACTIVE_ARCH = YES;
				SDKROOT = iphoneos;
				SWIFT_ACTIVE_COMPILATION_CONDITIONS = "DEBUG $(inherited)";
				SWIFT_OPTIMIZATION_LEVEL = "-Onone";
			};
			name = Debug;
		};
		30453B532CC679DB00B76A70 /* Release */ = {
			isa = XCBuildConfiguration;
			buildSettings = {
				ALWAYS_SEARCH_USER_PATHS = NO;
				ASSETCATALOG_COMPILER_GENERATE_SWIFT_ASSET_SYMBOL_EXTENSIONS = YES;
				CLANG_ANALYZER_NONNULL = YES;
				CLANG_ANALYZER_NUMBER_OBJECT_CONVERSION = YES_AGGRESSIVE;
				CLANG_CXX_LANGUAGE_STANDARD = "gnu++20";
				CLANG_ENABLE_MODULES = YES;
				CLANG_ENABLE_OBJC_ARC = YES;
				CLANG_ENABLE_OBJC_WEAK = YES;
				CLANG_WARN_BLOCK_CAPTURE_AUTORELEASING = YES;
				CLANG_WARN_BOOL_CONVERSION = YES;
				CLANG_WARN_COMMA = YES;
				CLANG_WARN_CONSTANT_CONVERSION = YES;
				CLANG_WARN_DEPRECATED_OBJC_IMPLEMENTATIONS = YES;
				CLANG_WARN_DIRECT_OBJC_ISA_USAGE = YES_ERROR;
				CLANG_WARN_DOCUMENTATION_COMMENTS = YES;
				CLANG_WARN_EMPTY_BODY = YES;
				CLANG_WARN_ENUM_CONVERSION = YES;
				CLANG_WARN_INFINITE_RECURSION = YES;
				CLANG_WARN_INT_CONVERSION = YES;
				CLANG_WARN_NON_LITERAL_NULL_CONVERSION = YES;
				CLANG_WARN_OBJC_IMPLICIT_RETAIN_SELF = YES;
				CLANG_WARN_OBJC_LITERAL_CONVERSION = YES;
				CLANG_WARN_OBJC_ROOT_CLASS = YES_ERROR;
				CLANG_WARN_QUOTED_INCLUDE_IN_FRAMEWORK_HEADER = YES;
				CLANG_WARN_RANGE_LOOP_ANALYSIS = YES;
				CLANG_WARN_STRICT_PROTOTYPES = YES;
				CLANG_WARN_SUSPICIOUS_MOVE = YES;
				CLANG_WARN_UNGUARDED_AVAILABILITY = YES_AGGRESSIVE;
				CLANG_WARN_UNREACHABLE_CODE = YES;
				CLANG_WARN__DUPLICATE_METHOD_MATCH = YES;
				COPY_PHASE_STRIP = NO;
				DEBUG_INFORMATION_FORMAT = "dwarf-with-dsym";
				ENABLE_NS_ASSERTIONS = NO;
				ENABLE_STRICT_OBJC_MSGSEND = YES;
				ENABLE_USER_SCRIPT_SANDBOXING = YES;
				GCC_C_LANGUAGE_STANDARD = gnu17;
				GCC_NO_COMMON_BLOCKS = YES;
				GCC_WARN_64_TO_32_BIT_CONVERSION = YES;
				GCC_WARN_ABOUT_RETURN_TYPE = YES_ERROR;
				GCC_WARN_UNDECLARED_SELECTOR = YES;
				GCC_WARN_UNINITIALIZED_AUTOS = YES_AGGRESSIVE;
				GCC_WARN_UNUSED_FUNCTION = YES;
				GCC_WARN_UNUSED_VARIABLE = YES;
				IPHONEOS_DEPLOYMENT_TARGET = 18.0;
				LOCALIZATION_PREFERS_STRING_CATALOGS = YES;
				MTL_ENABLE_DEBUG_INFO = NO;
				MTL_FAST_MATH = YES;
				SDKROOT = iphoneos;
				SWIFT_COMPILATION_MODE = wholemodule;
				VALIDATE_PRODUCT = YES;
			};
			name = Release;
		};
		30453B552CC679DB00B76A70 /* Debug */ = {
			isa = XCBuildConfiguration;
			buildSettings = {
				ASSETCATALOG_COMPILER_APPICON_NAME = AppIcon;
				ASSETCATALOG_COMPILER_GLOBAL_ACCENT_COLOR_NAME = AccentColor;
				CODE_SIGN_STYLE = Automatic;
				CURRENT_PROJECT_VERSION = 1;
				DEVELOPMENT_ASSET_PATHS = "\"SkinCareApplication/Preview Content\"";
				ENABLE_PREVIEWS = YES;
				GENERATE_INFOPLIST_FILE = YES;
				INFOPLIST_KEY_UIApplicationSceneManifest_Generation = YES;
				INFOPLIST_KEY_UIApplicationSupportsIndirectInputEvents = YES;
				INFOPLIST_KEY_UILaunchScreen_Generation = YES;
				INFOPLIST_KEY_UISupportedInterfaceOrientations_iPad = "UIInterfaceOrientationPortrait UIInterfaceOrientationPortraitUpsideDown UIInterfaceOrientationLandscapeLeft UIInterfaceOrientationLandscapeRight";
				INFOPLIST_KEY_UISupportedInterfaceOrientations_iPhone = "UIInterfaceOrientationPortrait UIInterfaceOrientationLandscapeLeft UIInterfaceOrientationLandscapeRight";
				LD_RUNPATH_SEARCH_PATHS = (
					"$(inherited)",
					"@executable_path/Frameworks",
				);
				MARKETING_VERSION = 1.0;
				PRODUCT_BUNDLE_IDENTIFIER = com.code.SkinCareApplication;
				PRODUCT_NAME = "$(TARGET_NAME)";
				SWIFT_EMIT_LOC_STRINGS = YES;
				SWIFT_VERSION = 5.0;
				TARGETED_DEVICE_FAMILY = "1,2";
			};
			name = Debug;
		};
		30453B562CC679DB00B76A70 /* Release */ = {
			isa = XCBuildConfiguration;
			buildSettings = {
				ASSETCATALOG_COMPILER_APPICON_NAME = AppIcon;
				ASSETCATALOG_COMPILER_GLOBAL_ACCENT_COLOR_NAME = AccentColor;
				CODE_SIGN_STYLE = Automatic;
				CURRENT_PROJECT_VERSION = 1;
				DEVELOPMENT_ASSET_PATHS = "\"SkinCareApplication/Preview Content\"";
				ENABLE_PREVIEWS = YES;
				GENERATE_INFOPLIST_FILE = YES;
				INFOPLIST_KEY_UIApplicationSceneManifest_Generation = YES;
				INFOPLIST_KEY_UIApplicationSupportsIndirectInputEvents = YES;
				INFOPLIST_KEY_UILaunchScreen_Generation = YES;
				INFOPLIST_KEY_UISupportedInterfaceOrientations_iPad = "UIInterfaceOrientationPortrait UIInterfaceOrientationPortraitUpsideDown UIInterfaceOrientationLandscapeLeft UIInterfaceOrientationLandscapeRight";
				INFOPLIST_KEY_UISupportedInterfaceOrientations_iPhone = "UIInterfaceOrientationPortrait UIInterfaceOrientationLandscapeLeft UIInterfaceOrientationLandscapeRight";
				LD_RUNPATH_SEARCH_PATHS = (
					"$(inherited)",
					"@executable_path/Frameworks",
				);
				MARKETING_VERSION = 1.0;
				PRODUCT_BUNDLE_IDENTIFIER = com.code.SkinCareApplication;
				PRODUCT_NAME = "$(TARGET_NAME)";
				SWIFT_EMIT_LOC_STRINGS = YES;
				SWIFT_VERSION = 5.0;
				TARGETED_DEVICE_FAMILY = "1,2";
			};
			name = Release;
		};
		30453B582CC679DB00B76A70 /* Debug */ = {
			isa = XCBuildConfiguration;
			buildSettings = {
				BUNDLE_LOADER = "$(TEST_HOST)";
				CODE_SIGN_STYLE = Automatic;
				CURRENT_PROJECT_VERSION = 1;
				GENERATE_INFOPLIST_FILE = YES;
				IPHONEOS_DEPLOYMENT_TARGET = 18.0;
				MARKETING_VERSION = 1.0;
				PRODUCT_BUNDLE_IDENTIFIER = com.code.SkinCareApplicationTests;
				PRODUCT_NAME = "$(TARGET_NAME)";
				SWIFT_EMIT_LOC_STRINGS = NO;
				SWIFT_VERSION = 5.0;
				TARGETED_DEVICE_FAMILY = "1,2";
				TEST_HOST = "$(BUILT_PRODUCTS_DIR)/SkinCareApplication.app/$(BUNDLE_EXECUTABLE_FOLDER_PATH)/SkinCareApplication";
			};
			name = Debug;
		};
		30453B592CC679DB00B76A70 /* Release */ = {
			isa = XCBuildConfiguration;
			buildSettings = {
				BUNDLE_LOADER = "$(TEST_HOST)";
				CODE_SIGN_STYLE = Automatic;
				CURRENT_PROJECT_VERSION = 1;
				GENERATE_INFOPLIST_FILE = YES;
				IPHONEOS_DEPLOYMENT_TARGET = 18.0;
				MARKETING_VERSION = 1.0;
				PRODUCT_BUNDLE_IDENTIFIER = com.code.SkinCareApplicationTests;
				PRODUCT_NAME = "$(TARGET_NAME)";
				SWIFT_EMIT_LOC_STRINGS = NO;
				SWIFT_VERSION = 5.0;
				TARGETED_DEVICE_FAMILY = "1,2";
				TEST_HOST = "$(BUILT_PRODUCTS_DIR)/SkinCareApplication.app/$(BUNDLE_EXECUTABLE_FOLDER_PATH)/SkinCareApplication";
			};
			name = Release;
		};
		30453B5B2CC679DB00B76A70 /* Debug */ = {
			isa = XCBuildConfiguration;
			buildSettings = {
				CODE_SIGN_STYLE = Automatic;
				CURRENT_PROJECT_VERSION = 1;
				GENERATE_INFOPLIST_FILE = YES;
				MARKETING_VERSION = 1.0;
				PRODUCT_BUNDLE_IDENTIFIER = com.code.SkinCareApplicationUITests;
				PRODUCT_NAME = "$(TARGET_NAME)";
				SWIFT_EMIT_LOC_STRINGS = NO;
				SWIFT_VERSION = 5.0;
				TARGETED_DEVICE_FAMILY = "1,2";
				TEST_TARGET_NAME = SkinCareApplication;
			};
			name = Debug;
		};
		30453B5C2CC679DB00B76A70 /* Release */ = {
			isa = XCBuildConfiguration;
			buildSettings = {
				CODE_SIGN_STYLE = Automatic;
				CURRENT_PROJECT_VERSION = 1;
				GENERATE_INFOPLIST_FILE = YES;
				MARKETING_VERSION = 1.0;
				PRODUCT_BUNDLE_IDENTIFIER = com.code.SkinCareApplicationUITests;
				PRODUCT_NAME = "$(TARGET_NAME)";
				SWIFT_EMIT_LOC_STRINGS = NO;
				SWIFT_VERSION = 5.0;
				TARGETED_DEVICE_FAMILY = "1,2";
				TEST_TARGET_NAME = SkinCareApplication;
			};
			name = Release;
		};
/* End XCBuildConfiguration section */

/* Begin XCConfigurationList section */
		30453B2B2CC679D700B76A70 /* Build configuration list for PBXProject "SkinCareApplication" */ = {
			isa = XCConfigurationList;
			buildConfigurations = (
				30453B522CC679DB00B76A70 /* Debug */,
				30453B532CC679DB00B76A70 /* Release */,
			);
			defaultConfigurationIsVisible = 0;
			defaultConfigurationName = Release;
		};
		30453B542CC679DB00B76A70 /* Build configuration list for PBXNativeTarget "SkinCareApplication" */ = {
			isa = XCConfigurationList;
			buildConfigurations = (
				30453B552CC679DB00B76A70 /* Debug */,
				30453B562CC679DB00B76A70 /* Release */,
			);
			defaultConfigurationIsVisible = 0;
			defaultConfigurationName = Release;
		};
		30453B572CC679DB00B76A70 /* Build configuration list for PBXNativeTarget "SkinCareApplicationTests" */ = {
			isa = XCConfigurationList;
			buildConfigurations = (
				30453B582CC679DB00B76A70 /* Debug */,
				30453B592CC679DB00B76A70 /* Release */,
			);
			defaultConfigurationIsVisible = 0;
			defaultConfigurationName = Release;
		};
		30453B5A2CC679DB00B76A70 /* Build configuration list for PBXNativeTarget "SkinCareApplicationUITests" */ = {
			isa = XCConfigurationList;
			buildConfigurations = (
				30453B5B2CC679DB00B76A70 /* Debug */,
				30453B5C2CC679DB00B76A70 /* Release */,
			);
			defaultConfigurationIsVisible = 0;
			defaultConfigurationName = Release;
		};
/* End XCConfigurationList section */
	};
	rootObject = 30453B282CC679D700B76A70 /* Project object */;
}
